// !$*UTF8*$!
{
	archiveVersion = 1;
	classes = {
	};
	objectVersion = 50;
	objects = {

/* Begin PBXBuildFile section */
		57C0B87E7C9B9FA9B26E86AC /* Pods_KURSOVAYA_PATRIA.framework in Frameworks */ = {isa = PBXBuildFile; fileRef = 510909963183D3A12B7D48D2 /* Pods_KURSOVAYA_PATRIA.framework */; };
		C322212520A34E7800C4B12F /* StretchyHeaderLayout.swift in Sources */ = {isa = PBXBuildFile; fileRef = C322212420A34E7800C4B12F /* StretchyHeaderLayout.swift */; };
		C3C93FD6209F4811007B838C /* MovieItem.swift in Sources */ = {isa = PBXBuildFile; fileRef = C3C93FD5209F4811007B838C /* MovieItem.swift */; };
		C3C93FD8209F4922007B838C /* Movie.swift in Sources */ = {isa = PBXBuildFile; fileRef = C3C93FD7209F4922007B838C /* Movie.swift */; };
		C3C93FDB209F4CC8007B838C /* MovieFeed.swift in Sources */ = {isa = PBXBuildFile; fileRef = C3C93FDA209F4CC8007B838C /* MovieFeed.swift */; };
		C3C93FDD209F4E49007B838C /* Result.swift in Sources */ = {isa = PBXBuildFile; fileRef = C3C93FDC209F4E49007B838C /* Result.swift */; };
		C3C93FDF209F4F29007B838C /* APIError.swift in Sources */ = {isa = PBXBuildFile; fileRef = C3C93FDE209F4F29007B838C /* APIError.swift */; };
		C3C93FE2209F4F69007B838C /* NowPlayingPageParser.swift in Sources */ = {isa = PBXBuildFile; fileRef = C3C93FE1209F4F69007B838C /* NowPlayingPageParser.swift */; };
		C3C93FE6209F530A007B838C /* Client.swift in Sources */ = {isa = PBXBuildFile; fileRef = C3C93FE5209F530A007B838C /* Client.swift */; };
		C3C93FE8209F532E007B838C /* MovieClient.swift in Sources */ = {isa = PBXBuildFile; fileRef = C3C93FE7209F532E007B838C /* MovieClient.swift */; };
		C3C93FEB20A03934007B838C /* UIImageView+Extension.swift in Sources */ = {isa = PBXBuildFile; fileRef = C3C93FEA20A03934007B838C /* UIImageView+Extension.swift */; };
		C3C93FED20A03A8D007B838C /* MainCollectionViewController.swift in Sources */ = {isa = PBXBuildFile; fileRef = C3C93FEC20A03A8D007B838C /* MainCollectionViewController.swift */; };
		C3C93FEF20A03BB9007B838C /* CategoryCell.swift in Sources */ = {isa = PBXBuildFile; fileRef = C3C93FEE20A03BB9007B838C /* CategoryCell.swift */; };
		C3C93FF120A04145007B838C /* MovieCell.swift in Sources */ = {isa = PBXBuildFile; fileRef = C3C93FF020A04145007B838C /* MovieCell.swift */; };
		C3C93FF520A20E34007B838C /* CollectionViewHeader.swift in Sources */ = {isa = PBXBuildFile; fileRef = C3C93FF420A20E34007B838C /* CollectionViewHeader.swift */; };
		C3C93FF720A21168007B838C /* MovieCategory.swift in Sources */ = {isa = PBXBuildFile; fileRef = C3C93FF620A21168007B838C /* MovieCategory.swift */; };
		C3D27EF920A5806200F130C5 /* DetailCell.swift in Sources */ = {isa = PBXBuildFile; fileRef = C3D27EF820A5806200F130C5 /* DetailCell.swift */; };
		C3D27EFB20A5E2CE00F130C5 /* MoviesPageParser.swift in Sources */ = {isa = PBXBuildFile; fileRef = C3D27EFA20A5E2CE00F130C5 /* MoviesPageParser.swift */; };
		C3D27F1D20A6179600F130C5 /* StoryBoardVCViewController.swift in Sources */ = {isa = PBXBuildFile; fileRef = C3D27F1C20A6179600F130C5 /* StoryBoardVCViewController.swift */; };
		C3EF925E20A460370071B3CA /* MoviePageParser.swift in Sources */ = {isa = PBXBuildFile; fileRef = C3EF925D20A460370071B3CA /* MoviePageParser.swift */; };
		C3F7B9ED209F41D3002F58E9 /* AppDelegate.swift in Sources */ = {isa = PBXBuildFile; fileRef = C3F7B9EC209F41D3002F58E9 /* AppDelegate.swift */; };
		C3F7B9F2209F41D3002F58E9 /* Main.storyboard in Resources */ = {isa = PBXBuildFile; fileRef = C3F7B9F0209F41D3002F58E9 /* Main.storyboard */; };
		C3F7B9F4209F41D4002F58E9 /* Assets.xcassets in Resources */ = {isa = PBXBuildFile; fileRef = C3F7B9F3209F41D4002F58E9 /* Assets.xcassets */; };
		C3F7B9F7209F41D4002F58E9 /* LaunchScreen.storyboard in Resources */ = {isa = PBXBuildFile; fileRef = C3F7B9F5209F41D4002F58E9 /* LaunchScreen.storyboard */; };
/* End PBXBuildFile section */

/* Begin PBXFileReference section */
		4B5E07F2B6E3F1092ECBDB4F /* Pods-KURSOVAYA_PATRIA.release.xcconfig */ = {isa = PBXFileReference; includeInIndex = 1; lastKnownFileType = text.xcconfig; name = "Pods-KURSOVAYA_PATRIA.release.xcconfig"; path = "Pods/Target Support Files/Pods-KURSOVAYA_PATRIA/Pods-KURSOVAYA_PATRIA.release.xcconfig"; sourceTree = "<group>"; };
		510909963183D3A12B7D48D2 /* Pods_KURSOVAYA_PATRIA.framework */ = {isa = PBXFileReference; explicitFileType = wrapper.framework; includeInIndex = 0; path = Pods_KURSOVAYA_PATRIA.framework; sourceTree = BUILT_PRODUCTS_DIR; };
		AC89FCFB8F77922A5944E2BD /* Pods-KURSOVAYA_PATRIA.debug.xcconfig */ = {isa = PBXFileReference; includeInIndex = 1; lastKnownFileType = text.xcconfig; name = "Pods-KURSOVAYA_PATRIA.debug.xcconfig"; path = "Pods/Target Support Files/Pods-KURSOVAYA_PATRIA/Pods-KURSOVAYA_PATRIA.debug.xcconfig"; sourceTree = "<group>"; };
		C322212420A34E7800C4B12F /* StretchyHeaderLayout.swift */ = {isa = PBXFileReference; lastKnownFileType = sourcecode.swift; path = StretchyHeaderLayout.swift; sourceTree = "<group>"; };
		C3C93FD5209F4811007B838C /* MovieItem.swift */ = {isa = PBXFileReference; lastKnownFileType = sourcecode.swift; path = MovieItem.swift; sourceTree = "<group>"; };
		C3C93FD7209F4922007B838C /* Movie.swift */ = {isa = PBXFileReference; lastKnownFileType = sourcecode.swift; path = Movie.swift; sourceTree = "<group>"; };
		C3C93FDA209F4CC8007B838C /* MovieFeed.swift */ = {isa = PBXFileReference; lastKnownFileType = sourcecode.swift; path = MovieFeed.swift; sourceTree = "<group>"; };
		C3C93FDC209F4E49007B838C /* Result.swift */ = {isa = PBXFileReference; lastKnownFileType = sourcecode.swift; path = Result.swift; sourceTree = "<group>"; };
		C3C93FDE209F4F29007B838C /* APIError.swift */ = {isa = PBXFileReference; lastKnownFileType = sourcecode.swift; path = APIError.swift; sourceTree = "<group>"; };
		C3C93FE1209F4F69007B838C /* NowPlayingPageParser.swift */ = {isa = PBXFileReference; lastKnownFileType = sourcecode.swift; path = NowPlayingPageParser.swift; sourceTree = "<group>"; };
		C3C93FE5209F530A007B838C /* Client.swift */ = {isa = PBXFileReference; lastKnownFileType = sourcecode.swift; path = Client.swift; sourceTree = "<group>"; };
		C3C93FE7209F532E007B838C /* MovieClient.swift */ = {isa = PBXFileReference; lastKnownFileType = sourcecode.swift; path = MovieClient.swift; sourceTree = "<group>"; };
		C3C93FEA20A03934007B838C /* UIImageView+Extension.swift */ = {isa = PBXFileReference; lastKnownFileType = sourcecode.swift; path = "UIImageView+Extension.swift"; sourceTree = "<group>"; };
		C3C93FEC20A03A8D007B838C /* MainCollectionViewController.swift */ = {isa = PBXFileReference; lastKnownFileType = sourcecode.swift; path = MainCollectionViewController.swift; sourceTree = "<group>"; };
		C3C93FEE20A03BB9007B838C /* CategoryCell.swift */ = {isa = PBXFileReference; lastKnownFileType = sourcecode.swift; path = CategoryCell.swift; sourceTree = "<group>"; };
		C3C93FF020A04145007B838C /* MovieCell.swift */ = {isa = PBXFileReference; lastKnownFileType = sourcecode.swift; path = MovieCell.swift; sourceTree = "<group>"; };
		C3C93FF420A20E34007B838C /* CollectionViewHeader.swift */ = {isa = PBXFileReference; lastKnownFileType = sourcecode.swift; path = CollectionViewHeader.swift; sourceTree = "<group>"; };
		C3C93FF620A21168007B838C /* MovieCategory.swift */ = {isa = PBXFileReference; lastKnownFileType = sourcecode.swift; path = MovieCategory.swift; sourceTree = "<group>"; };
		C3D27EF820A5806200F130C5 /* DetailCell.swift */ = {isa = PBXFileReference; lastKnownFileType = sourcecode.swift; path = DetailCell.swift; sourceTree = "<group>"; };
		C3D27EFA20A5E2CE00F130C5 /* MoviesPageParser.swift */ = {isa = PBXFileReference; lastKnownFileType = sourcecode.swift; path = MoviesPageParser.swift; sourceTree = "<group>"; };
		C3D27F1C20A6179600F130C5 /* StoryBoardVCViewController.swift */ = {isa = PBXFileReference; lastKnownFileType = sourcecode.swift; path = StoryBoardVCViewController.swift; sourceTree = "<group>"; };
		C3EF925D20A460370071B3CA /* MoviePageParser.swift */ = {isa = PBXFileReference; lastKnownFileType = sourcecode.swift; path = MoviePageParser.swift; sourceTree = "<group>"; };
		C3F7B9E9209F41D3002F58E9 /* KURSOVAYA_PATRIA.app */ = {isa = PBXFileReference; explicitFileType = wrapper.application; includeInIndex = 0; path = KURSOVAYA_PATRIA.app; sourceTree = BUILT_PRODUCTS_DIR; };
		C3F7B9EC209F41D3002F58E9 /* AppDelegate.swift */ = {isa = PBXFileReference; lastKnownFileType = sourcecode.swift; path = AppDelegate.swift; sourceTree = "<group>"; };
		C3F7B9F1209F41D3002F58E9 /* Base */ = {isa = PBXFileReference; lastKnownFileType = file.storyboard; name = Base; path = Base.lproj/Main.storyboard; sourceTree = "<group>"; };
		C3F7B9F3209F41D4002F58E9 /* Assets.xcassets */ = {isa = PBXFileReference; lastKnownFileType = folder.assetcatalog; path = Assets.xcassets; sourceTree = "<group>"; };
		C3F7B9F6209F41D4002F58E9 /* Base */ = {isa = PBXFileReference; lastKnownFileType = file.storyboard; name = Base; path = Base.lproj/LaunchScreen.storyboard; sourceTree = "<group>"; };
		C3F7B9F8209F41D4002F58E9 /* Info.plist */ = {isa = PBXFileReference; lastKnownFileType = text.plist.xml; path = Info.plist; sourceTree = "<group>"; };
/* End PBXFileReference section */

/* Begin PBXFrameworksBuildPhase section */
		C3F7B9E6209F41D3002F58E9 /* Frameworks */ = {
			isa = PBXFrameworksBuildPhase;
			buildActionMask = 2147483647;
			files = (
				57C0B87E7C9B9FA9B26E86AC /* Pods_KURSOVAYA_PATRIA.framework in Frameworks */,
			);
			runOnlyForDeploymentPostprocessing = 0;
		};
/* End PBXFrameworksBuildPhase section */

/* Begin PBXGroup section */
		2F6C3075A05160F1B542B91F /* Frameworks */ = {
			isa = PBXGroup;
			children = (
				510909963183D3A12B7D48D2 /* Pods_KURSOVAYA_PATRIA.framework */,
			);
			name = Frameworks;
			sourceTree = "<group>";
		};
		C322212320A34E6900C4B12F /* Layout */ = {
			isa = PBXGroup;
			children = (
			);
			path = Layout;
			sourceTree = "<group>";
		};
		C3C93FD2209F47F3007B838C /* Model */ = {
			isa = PBXGroup;
			children = (
				C3C93FD5209F4811007B838C /* MovieItem.swift */,
				C3C93FD7209F4922007B838C /* Movie.swift */,
				C3C93FF620A21168007B838C /* MovieCategory.swift */,
			);
			path = Model;
			sourceTree = "<group>";
		};
		C3C93FD3209F47F7007B838C /* View */ = {
			isa = PBXGroup;
			children = (
				C3D27EF720A5804800F130C5 /* DetailScreen */,
				C3D27EF620A5802300F130C5 /* MainScreen */,
				C3F7B9F5209F41D4002F58E9 /* LaunchScreen.storyboard */,
				C3F7B9F0209F41D3002F58E9 /* Main.storyboard */,
			);
			path = View;
			sourceTree = "<group>";
		};
		C3C93FD4209F47FC007B838C /* Controller */ = {
			isa = PBXGroup;
			children = (
				C3C93FEC20A03A8D007B838C /* MainCollectionViewController.swift */,
				C3D27F1C20A6179600F130C5 /* StoryBoardVCViewController.swift */,
			);
			path = Controller;
			sourceTree = "<group>";
		};
		C3C93FD9209F4C9A007B838C /* Networking */ = {
			isa = PBXGroup;
			children = (
				C3C93FE0209F4F58007B838C /* Parser */,
				C3C93FDA209F4CC8007B838C /* MovieFeed.swift */,
				C3C93FDC209F4E49007B838C /* Result.swift */,
				C3C93FDE209F4F29007B838C /* APIError.swift */,
				C3C93FE5209F530A007B838C /* Client.swift */,
				C3C93FE7209F532E007B838C /* MovieClient.swift */,
			);
			path = Networking;
			sourceTree = "<group>";
		};
		C3C93FE0209F4F58007B838C /* Parser */ = {
			isa = PBXGroup;
			children = (
				C3C93FE1209F4F69007B838C /* NowPlayingPageParser.swift */,
				C3EF925D20A460370071B3CA /* MoviePageParser.swift */,
				C3D27EFA20A5E2CE00F130C5 /* MoviesPageParser.swift */,
			);
			path = Parser;
			sourceTree = "<group>";
		};
		C3C93FE920A0391D007B838C /* Resources */ = {
			isa = PBXGroup;
			children = (
				C3C93FEA20A03934007B838C /* UIImageView+Extension.swift */,
			);
			path = Resources;
			sourceTree = "<group>";
		};
		C3D27EF620A5802300F130C5 /* MainScreen */ = {
			isa = PBXGroup;
			children = (
				C322212320A34E6900C4B12F /* Layout */,
				C322212420A34E7800C4B12F /* StretchyHeaderLayout.swift */,
				C3C93FEE20A03BB9007B838C /* CategoryCell.swift */,
				C3C93FF020A04145007B838C /* MovieCell.swift */,
				C3C93FF420A20E34007B838C /* CollectionViewHeader.swift */,
			);
			path = MainScreen;
			sourceTree = "<group>";
		};
		C3D27EF720A5804800F130C5 /* DetailScreen */ = {
			isa = PBXGroup;
			children = (
				C3D27EF820A5806200F130C5 /* DetailCell.swift */,
			);
			path = DetailScreen;
			sourceTree = "<group>";
		};
		C3F7B9E0209F41D3002F58E9 = {
			isa = PBXGroup;
			children = (
				C3F7B9EB209F41D3002F58E9 /* KURSOVAYA_PATRIA */,
				C3F7B9EA209F41D3002F58E9 /* Products */,
				DA0F9923F68193E4598DDAFA /* Pods */,
				2F6C3075A05160F1B542B91F /* Frameworks */,
			);
			sourceTree = "<group>";
		};
		C3F7B9EA209F41D3002F58E9 /* Products */ = {
			isa = PBXGroup;
			children = (
				C3F7B9E9209F41D3002F58E9 /* KURSOVAYA_PATRIA.app */,
			);
			name = Products;
			sourceTree = "<group>";
		};
		C3F7B9EB209F41D3002F58E9 /* KURSOVAYA_PATRIA */ = {
			isa = PBXGroup;
			children = (
				C3C93FD9209F4C9A007B838C /* Networking */,
				C3C93FD2209F47F3007B838C /* Model */,
				C3C93FD3209F47F7007B838C /* View */,
				C3C93FD4209F47FC007B838C /* Controller */,
				C3C93FE920A0391D007B838C /* Resources */,
				C3F7B9EC209F41D3002F58E9 /* AppDelegate.swift */,
				C3F7B9F8209F41D4002F58E9 /* Info.plist */,
				C3F7B9F3209F41D4002F58E9 /* Assets.xcassets */,
			);
			path = KURSOVAYA_PATRIA;
			sourceTree = "<group>";
		};
		DA0F9923F68193E4598DDAFA /* Pods */ = {
			isa = PBXGroup;
			children = (
				AC89FCFB8F77922A5944E2BD /* Pods-KURSOVAYA_PATRIA.debug.xcconfig */,
				4B5E07F2B6E3F1092ECBDB4F /* Pods-KURSOVAYA_PATRIA.release.xcconfig */,
			);
			name = Pods;
			sourceTree = "<group>";
		};
/* End PBXGroup section */

/* Begin PBXNativeTarget section */
		C3F7B9E8209F41D3002F58E9 /* KURSOVAYA_PATRIA */ = {
			isa = PBXNativeTarget;
			buildConfigurationList = C3F7B9FB209F41D4002F58E9 /* Build configuration list for PBXNativeTarget "KURSOVAYA_PATRIA" */;
			buildPhases = (
				BC48046FC4646276E47C4509 /* [CP] Check Pods Manifest.lock */,
				C3F7B9E5209F41D3002F58E9 /* Sources */,
				C3F7B9E6209F41D3002F58E9 /* Frameworks */,
				C3F7B9E7209F41D3002F58E9 /* Resources */,
				B236635C5436200B8B771F39 /* [CP] Embed Pods Frameworks */,
			);
			buildRules = (
			);
			dependencies = (
			);
			name = KURSOVAYA_PATRIA;
			productName = KURSOVAYA_PATRIA;
			productReference = C3F7B9E9209F41D3002F58E9 /* KURSOVAYA_PATRIA.app */;
			productType = "com.apple.product-type.application";
		};
/* End PBXNativeTarget section */

/* Begin PBXProject section */
		C3F7B9E1209F41D3002F58E9 /* Project object */ = {
			isa = PBXProject;
			attributes = {
				LastSwiftUpdateCheck = 0930;
				LastUpgradeCheck = 0930;
				ORGANIZATIONNAME = "Vasile Morari";
				TargetAttributes = {
					C3F7B9E8209F41D3002F58E9 = {
						CreatedOnToolsVersion = 9.3;
					};
				};
			};
			buildConfigurationList = C3F7B9E4209F41D3002F58E9 /* Build configuration list for PBXProject "KURSOVAYA_PATRIA" */;
			compatibilityVersion = "Xcode 9.3";
			developmentRegion = en;
			hasScannedForEncodings = 0;
			knownRegions = (
				en,
				Base,
			);
			mainGroup = C3F7B9E0209F41D3002F58E9;
			productRefGroup = C3F7B9EA209F41D3002F58E9 /* Products */;
			projectDirPath = "";
			projectRoot = "";
			targets = (
				C3F7B9E8209F41D3002F58E9 /* KURSOVAYA_PATRIA */,
			);
		};
/* End PBXProject section */

/* Begin PBXResourcesBuildPhase section */
		C3F7B9E7209F41D3002F58E9 /* Resources */ = {
			isa = PBXResourcesBuildPhase;
			buildActionMask = 2147483647;
			files = (
				C3F7B9F7209F41D4002F58E9 /* LaunchScreen.storyboard in Resources */,
				C3F7B9F4209F41D4002F58E9 /* Assets.xcassets in Resources */,
				C3F7B9F2209F41D3002F58E9 /* Main.storyboard in Resources */,
			);
			runOnlyForDeploymentPostprocessing = 0;
		};
/* End PBXResourcesBuildPhase section */

/* Begin PBXShellScriptBuildPhase section */
		B236635C5436200B8B771F39 /* [CP] Embed Pods Frameworks */ = {
			isa = PBXShellScriptBuildPhase;
			buildActionMask = 2147483647;
			files = (
			);
			inputPaths = (
				"${SRCROOT}/Pods/Target Support Files/Pods-KURSOVAYA_PATRIA/Pods-KURSOVAYA_PATRIA-frameworks.sh",
				"${BUILT_PRODUCTS_DIR}/Kanna/Kanna.framework",
			);
			name = "[CP] Embed Pods Frameworks";
			outputPaths = (
				"${TARGET_BUILD_DIR}/${FRAMEWORKS_FOLDER_PATH}/Kanna.framework",
			);
			runOnlyForDeploymentPostprocessing = 0;
			shellPath = /bin/sh;
			shellScript = "\"${SRCROOT}/Pods/Target Support Files/Pods-KURSOVAYA_PATRIA/Pods-KURSOVAYA_PATRIA-frameworks.sh\"\n";
			showEnvVarsInLog = 0;
		};
		BC48046FC4646276E47C4509 /* [CP] Check Pods Manifest.lock */ = {
			isa = PBXShellScriptBuildPhase;
			buildActionMask = 2147483647;
			files = (
			);
			inputPaths = (
				"${PODS_PODFILE_DIR_PATH}/Podfile.lock",
				"${PODS_ROOT}/Manifest.lock",
			);
			name = "[CP] Check Pods Manifest.lock";
			outputPaths = (
				"$(DERIVED_FILE_DIR)/Pods-KURSOVAYA_PATRIA-checkManifestLockResult.txt",
			);
			runOnlyForDeploymentPostprocessing = 0;
			shellPath = /bin/sh;
			shellScript = "diff \"${PODS_PODFILE_DIR_PATH}/Podfile.lock\" \"${PODS_ROOT}/Manifest.lock\" > /dev/null\nif [ $? != 0 ] ; then\n    # print error to STDERR\n    echo \"error: The sandbox is not in sync with the Podfile.lock. Run 'pod install' or update your CocoaPods installation.\" >&2\n    exit 1\nfi\n# This output is used by Xcode 'outputs' to avoid re-running this script phase.\necho \"SUCCESS\" > \"${SCRIPT_OUTPUT_FILE_0}\"\n";
			showEnvVarsInLog = 0;
		};
/* End PBXShellScriptBuildPhase section */

/* Begin PBXSourcesBuildPhase section */
		C3F7B9E5209F41D3002F58E9 /* Sources */ = {
			isa = PBXSourcesBuildPhase;
			buildActionMask = 2147483647;
			files = (
				C3C93FF120A04145007B838C /* MovieCell.swift in Sources */,
				C3C93FF520A20E34007B838C /* CollectionViewHeader.swift in Sources */,
				C3C93FEF20A03BB9007B838C /* CategoryCell.swift in Sources */,
				C3D27EF920A5806200F130C5 /* DetailCell.swift in Sources */,
				C3C93FDD209F4E49007B838C /* Result.swift in Sources */,
				C3C93FED20A03A8D007B838C /* MainCollectionViewController.swift in Sources */,
				C3C93FEB20A03934007B838C /* UIImageView+Extension.swift in Sources */,
				C3EF925E20A460370071B3CA /* MoviePageParser.swift in Sources */,
				C3F7B9ED209F41D3002F58E9 /* AppDelegate.swift in Sources */,
				C3C93FD8209F4922007B838C /* Movie.swift in Sources */,
				C3C93FD6209F4811007B838C /* MovieItem.swift in Sources */,
				C3C93FDB209F4CC8007B838C /* MovieFeed.swift in Sources */,
				C3C93FE2209F4F69007B838C /* NowPlayingPageParser.swift in Sources */,
				C3D27F1D20A6179600F130C5 /* StoryBoardVCViewController.swift in Sources */,
				C3C93FE8209F532E007B838C /* MovieClient.swift in Sources */,
				C3D27EFB20A5E2CE00F130C5 /* MoviesPageParser.swift in Sources */,
				C3C93FF720A21168007B838C /* MovieCategory.swift in Sources */,
				C322212520A34E7800C4B12F /* StretchyHeaderLayout.swift in Sources */,
				C3C93FDF209F4F29007B838C /* APIError.swift in Sources */,
				C3C93FE6209F530A007B838C /* Client.swift in Sources */,
			);
			runOnlyForDeploymentPostprocessing = 0;
		};
/* End PBXSourcesBuildPhase section */

/* Begin PBXVariantGroup section */
		C3F7B9F0209F41D3002F58E9 /* Main.storyboard */ = {
			isa = PBXVariantGroup;
			children = (
				C3F7B9F1209F41D3002F58E9 /* Base */,
			);
			name = Main.storyboard;
			sourceTree = "<group>";
		};
		C3F7B9F5209F41D4002F58E9 /* LaunchScreen.storyboard */ = {
			isa = PBXVariantGroup;
			children = (
				C3F7B9F6209F41D4002F58E9 /* Base */,
			);
			name = LaunchScreen.storyboard;
			sourceTree = "<group>";
		};
/* End PBXVariantGroup section */

/* Begin XCBuildConfiguration section */
		C3F7B9F9209F41D4002F58E9 /* Debug */ = {
			isa = XCBuildConfiguration;
			buildSettings = {
				ALWAYS_SEARCH_USER_PATHS = NO;
				CLANG_ANALYZER_NONNULL = YES;
				CLANG_ANALYZER_NUMBER_OBJECT_CONVERSION = YES_AGGRESSIVE;
				CLANG_CXX_LANGUAGE_STANDARD = "gnu++14";
				CLANG_CXX_LIBRARY = "libc++";
				CLANG_ENABLE_MODULES = YES;
				CLANG_ENABLE_OBJC_ARC = YES;
				CLANG_ENABLE_OBJC_WEAK = YES;
				CLANG_WARN_BLOCK_CAPTURE_AUTORELEASING = YES;
				CLANG_WARN_BOOL_CONVERSION = YES;
				CLANG_WARN_COMMA = YES;
				CLANG_WARN_CONSTANT_CONVERSION = YES;
				CLANG_WARN_DEPRECATED_OBJC_IMPLEMENTATIONS = YES;
				CLANG_WARN_DIRECT_OBJC_ISA_USAGE = YES_ERROR;
				CLANG_WARN_DOCUMENTATION_COMMENTS = YES;
				CLANG_WARN_EMPTY_BODY = YES;
				CLANG_WARN_ENUM_CONVERSION = YES;
				CLANG_WARN_INFINITE_RECURSION = YES;
				CLANG_WARN_INT_CONVERSION = YES;
				CLANG_WARN_NON_LITERAL_NULL_CONVERSION = YES;
				CLANG_WARN_OBJC_IMPLICIT_RETAIN_SELF = YES;
				CLANG_WARN_OBJC_LITERAL_CONVERSION = YES;
				CLANG_WARN_OBJC_ROOT_CLASS = YES_ERROR;
				CLANG_WARN_RANGE_LOOP_ANALYSIS = YES;
				CLANG_WARN_STRICT_PROTOTYPES = YES;
				CLANG_WARN_SUSPICIOUS_MOVE = YES;
				CLANG_WARN_UNGUARDED_AVAILABILITY = YES_AGGRESSIVE;
				CLANG_WARN_UNREACHABLE_CODE = YES;
				CLANG_WARN__DUPLICATE_METHOD_MATCH = YES;
				CODE_SIGN_IDENTITY = "iPhone Developer";
				COPY_PHASE_STRIP = NO;
				DEBUG_INFORMATION_FORMAT = dwarf;
				ENABLE_STRICT_OBJC_MSGSEND = YES;
				ENABLE_TESTABILITY = YES;
				GCC_C_LANGUAGE_STANDARD = gnu11;
				GCC_DYNAMIC_NO_PIC = NO;
				GCC_NO_COMMON_BLOCKS = YES;
				GCC_OPTIMIZATION_LEVEL = 0;
				GCC_PREPROCESSOR_DEFINITIONS = (
					"DEBUG=1",
					"$(inherited)",
				);
				GCC_WARN_64_TO_32_BIT_CONVERSION = YES;
				GCC_WARN_ABOUT_RETURN_TYPE = YES_ERROR;
				GCC_WARN_UNDECLARED_SELECTOR = YES;
				GCC_WARN_UNINITIALIZED_AUTOS = YES_AGGRESSIVE;
				GCC_WARN_UNUSED_FUNCTION = YES;
				GCC_WARN_UNUSED_VARIABLE = YES;
				IPHONEOS_DEPLOYMENT_TARGET = 11.3;
				MTL_ENABLE_DEBUG_INFO = YES;
				ONLY_ACTIVE_ARCH = YES;
				SDKROOT = iphoneos;
				SWIFT_ACTIVE_COMPILATION_CONDITIONS = DEBUG;
				SWIFT_OPTIMIZATION_LEVEL = "-Onone";
			};
			name = Debug;
		};
		C3F7B9FA209F41D4002F58E9 /* Release */ = {
			isa = XCBuildConfiguration;
			buildSettings = {
				ALWAYS_SEARCH_USER_PATHS = NO;
				CLANG_ANALYZER_NONNULL = YES;
				CLANG_ANALYZER_NUMBER_OBJECT_CONVERSION = YES_AGGRESSIVE;
				CLANG_CXX_LANGUAGE_STANDARD = "gnu++14";
				CLANG_CXX_LIBRARY = "libc++";
				CLANG_ENABLE_MODULES = YES;
				CLANG_ENABLE_OBJC_ARC = YES;
				CLANG_ENABLE_OBJC_WEAK = YES;
				CLANG_WARN_BLOCK_CAPTURE_AUTORELEASING = YES;
				CLANG_WARN_BOOL_CONVERSION = YES;
				CLANG_WARN_COMMA = YES;
				CLANG_WARN_CONSTANT_CONVERSION = YES;
				CLANG_WARN_DEPRECATED_OBJC_IMPLEMENTATIONS = YES;
				CLANG_WARN_DIRECT_OBJC_ISA_USAGE = YES_ERROR;
				CLANG_WARN_DOCUMENTATION_COMMENTS = YES;
				CLANG_WARN_EMPTY_BODY = YES;
				CLANG_WARN_ENUM_CONVERSION = YES;
				CLANG_WARN_INFINITE_RECURSION = YES;
				CLANG_WARN_INT_CONVERSION = YES;
				CLANG_WARN_NON_LITERAL_NULL_CONVERSION = YES;
				CLANG_WARN_OBJC_IMPLICIT_RETAIN_SELF = YES;
				CLANG_WARN_OBJC_LITERAL_CONVERSION = YES;
				CLANG_WARN_OBJC_ROOT_CLASS = YES_ERROR;
				CLANG_WARN_RANGE_LOOP_ANALYSIS = YES;
				CLANG_WARN_STRICT_PROTOTYPES = YES;
				CLANG_WARN_SUSPICIOUS_MOVE = YES;
				CLANG_WARN_UNGUARDED_AVAILABILITY = YES_AGGRESSIVE;
				CLANG_WARN_UNREACHABLE_CODE = YES;
				CLANG_WARN__DUPLICATE_METHOD_MATCH = YES;
				CODE_SIGN_IDENTITY = "iPhone Developer";
				COPY_PHASE_STRIP = NO;
				DEBUG_INFORMATION_FORMAT = "dwarf-with-dsym";
				ENABLE_NS_ASSERTIONS = NO;
				ENABLE_STRICT_OBJC_MSGSEND = YES;
				GCC_C_LANGUAGE_STANDARD = gnu11;
				GCC_NO_COMMON_BLOCKS = YES;
				GCC_WARN_64_TO_32_BIT_CONVERSION = YES;
				GCC_WARN_ABOUT_RETURN_TYPE = YES_ERROR;
				GCC_WARN_UNDECLARED_SELECTOR = YES;
				GCC_WARN_UNINITIALIZED_AUTOS = YES_AGGRESSIVE;
				GCC_WARN_UNUSED_FUNCTION = YES;
				GCC_WARN_UNUSED_VARIABLE = YES;
				IPHONEOS_DEPLOYMENT_TARGET = 11.3;
				MTL_ENABLE_DEBUG_INFO = NO;
				SDKROOT = iphoneos;
				SWIFT_COMPILATION_MODE = wholemodule;
				SWIFT_OPTIMIZATION_LEVEL = "-O";
				VALIDATE_PRODUCT = YES;
			};
			name = Release;
		};
		C3F7B9FC209F41D4002F58E9 /* Debug */ = {
			isa = XCBuildConfiguration;
			baseConfigurationReference = AC89FCFB8F77922A5944E2BD /* Pods-KURSOVAYA_PATRIA.debug.xcconfig */;
			buildSettings = {
				ASSETCATALOG_COMPILER_APPICON_NAME = AppIcon;
				CODE_SIGN_STYLE = Automatic;
				DEVELOPMENT_TEAM = ZTW9545CJH;
				INFOPLIST_FILE = KURSOVAYA_PATRIA/Info.plist;
				LD_RUNPATH_SEARCH_PATHS = (
					"$(inherited)",
					"@executable_path/Frameworks",
				);
				PRODUCT_BUNDLE_IDENTIFIER = "self.morarivasile.KURSOVAYA-PATRIA";
				PRODUCT_NAME = "$(TARGET_NAME)";
				SWIFT_VERSION = 4.0;
				TARGETED_DEVICE_FAMILY = "1,2";
			};
			name = Debug;
		};
		C3F7B9FD209F41D4002F58E9 /* Release */ = {
			isa = XCBuildConfiguration;
			baseConfigurationReference = 4B5E07F2B6E3F1092ECBDB4F /* Pods-KURSOVAYA_PATRIA.release.xcconfig */;
			buildSettings = {
				ASSETCATALOG_COMPILER_APPICON_NAME = AppIcon;
				CODE_SIGN_STYLE = Automatic;
				DEVELOPMENT_TEAM = ZTW9545CJH;
				INFOPLIST_FILE = KURSOVAYA_PATRIA/Info.plist;
				LD_RUNPATH_SEARCH_PATHS = (
					"$(inherited)",
					"@executable_path/Frameworks",
				);
				PRODUCT_BUNDLE_IDENTIFIER = "self.morarivasile.KURSOVAYA-PATRIA";
				PRODUCT_NAME = "$(TARGET_NAME)";
				SWIFT_VERSION = 4.0;
				TARGETED_DEVICE_FAMILY = "1,2";
			};
			name = Release;
		};
/* End XCBuildConfiguration section */

/* Begin XCConfigurationList section */
		C3F7B9E4209F41D3002F58E9 /* Build configuration list for PBXProject "KURSOVAYA_PATRIA" */ = {
			isa = XCConfigurationList;
			buildConfigurations = (
				C3F7B9F9209F41D4002F58E9 /* Debug */,
				C3F7B9FA209F41D4002F58E9 /* Release */,
			);
			defaultConfigurationIsVisible = 0;
			defaultConfigurationName = Release;
		};
		C3F7B9FB209F41D4002F58E9 /* Build configuration list for PBXNativeTarget "KURSOVAYA_PATRIA" */ = {
			isa = XCConfigurationList;
			buildConfigurations = (
				C3F7B9FC209F41D4002F58E9 /* Debug */,
				C3F7B9FD209F41D4002F58E9 /* Release */,
			);
			defaultConfigurationIsVisible = 0;
			defaultConfigurationName = Release;
		};
/* End XCConfigurationList section */
	};
	rootObject = C3F7B9E1209F41D3002F58E9 /* Project object */;
}
